
Microsoft Visual Studio Solution File, Format Version 12.00
# Visual Studio Version 16
VisualStudioVersion = 16.0.32126.315
MinimumVisualStudioVersion = 10.0.40219.1
Project("{FAE04EC0-301F-11D3-BF4B-00C04F79EFBC}") = "QMS.GUI", "QMS.GUI\QMS.GUI.csproj", "{8A0D7F12-8642-49E8-94E0-BD80F0E40964}"
EndProject
Project("{FAE04EC0-301F-11D3-BF4B-00C04F79EFBC}") = "QMS.DAL", "QMS.DAL\QMS.DAL.csproj", "{4FA4D82D-43E5-426F-A02A-92FFB8B6BC3D}"
EndProject
Project("{FAE04EC0-301F-11D3-BF4B-00C04F79EFBC}") = "QMS.Services", "QMS.Services\QMS.Services.csproj", "{5FA6F355-967A-4B2E-95FC-EC0941012709}"
EndProject
Global
	GlobalSection(SolutionConfigurationPlatforms) = preSolution
		Debug|Any CPU = Debug|Any CPU
		Release|Any CPU = Release|Any CPU
	EndGlobalSection
	GlobalSection(ProjectConfigurationPlatforms) = postSolution
		{8A0D7F12-8642-49E8-94E0-BD80F0E40964}.Debug|Any CPU.ActiveCfg = Debug|Any CPU
		{8A0D7F12-8642-49E8-94E0-BD80F0E40964}.Debug|Any CPU.Build.0 = Debug|Any CPU
		{8A0D7F12-8642-49E8-94E0-BD80F0E40964}.Release|Any CPU.ActiveCfg = Release|Any CPU
		{8A0D7F12-8642-49E8-94E0-BD80F0E40964}.Release|Any CPU.Build.0 = Release|Any CPU
		{4FA4D82D-43E5-426F-A02A-92FFB8B6BC3D}.Debug|Any CPU.ActiveCfg = Debug|Any CPU
		{4FA4D82D-43E5-426F-A02A-92FFB8B6BC3D}.Debug|Any CPU.Build.0 = Debug|Any CPU
		{4FA4D82D-43E5-426F-A02A-92FFB8B6BC3D}.Release|Any CPU.ActiveCfg = Release|Any CPU
		{4FA4D82D-43E5-426F-A02A-92FFB8B6BC3D}.Release|Any CPU.Build.0 = Release|Any CPU
		{5FA6F355-967A-4B2E-95FC-EC0941012709}.Debug|Any CPU.ActiveCfg = Debug|Any CPU
		{5FA6F355-967A-4B2E-95FC-EC0941012709}.Debug|Any CPU.Build.0 = Debug|Any CPU
		{5FA6F355-967A-4B2E-95FC-EC0941012709}.Release|Any CPU.ActiveCfg = Release|Any CPU
		{5FA6F355-967A-4B2E-95FC-EC0941012709}.Release|Any CPU.Build.0 = Release|Any CPU
	EndGlobalSection
	GlobalSection(SolutionProperties) = preSolution
		HideSolutionNode = FALSE
	EndGlobalSection
	GlobalSection(ExtensibilityGlobals) = postSolution
		SolutionGuid = {E2B7FB27-E34E-4764-A6E4-4BCCD6273832}
	EndGlobalSection
EndGlobal
